
Microsoft Visual Studio Solution File, Format Version 12.00
# Visual Studio Version 16
VisualStudioVersion = 16.0.30804.86
MinimumVisualStudioVersion = 10.0.40219.1
Project("{FAE04EC0-301F-11D3-BF4B-00C04F79EFBC}") = "DeckOfCards", "DeckOfCards\DeckOfCards.csproj", "{38FFCECC-2014-4971-B53A-669580D52291}"
EndProject
Global
	GlobalSection(SolutionConfigurationPlatforms) = preSolution
		Debug|Any CPU = Debug|Any CPU
		Release|Any CPU = Release|Any CPU
	EndGlobalSection
	GlobalSection(ProjectConfigurationPlatforms) = postSolution
		{38FFCECC-2014-4971-B53A-669580D52291}.Debug|Any CPU.ActiveCfg = Debug|Any CPU
		{38FFCECC-2014-4971-B53A-669580D52291}.Debug|Any CPU.Build.0 = Debug|Any CPU
		{38FFCECC-2014-4971-B53A-669580D52291}.Release|Any CPU.ActiveCfg = Release|Any CPU
		{38FFCECC-2014-4971-B53A-669580D52291}.Release|Any CPU.Build.0 = Release|Any CPU
	EndGlobalSection
	GlobalSection(SolutionProperties) = preSolution
		HideSolutionNode = FALSE
	EndGlobalSection
	GlobalSection(ExtensibilityGlobals) = postSolution
		SolutionGuid = {1734FAD9-0FB5-4045-AC96-3AE281C47E7F}
	EndGlobalSection
EndGlobal
